// !$*UTF8*$!
{
	archiveVersion = 1;
	classes = {
	};
	objectVersion = 46;
	objects = {

/* Begin PBXBuildFile section */
		F37769921EA1C15B00A19D6B /* AppDelegate.swift in Sources */ = {isa = PBXBuildFile; fileRef = F37769911EA1C15B00A19D6B /* AppDelegate.swift */; };
		F37769941EA1C15B00A19D6B /* ViewController.swift in Sources */ = {isa = PBXBuildFile; fileRef = F37769931EA1C15B00A19D6B /* ViewController.swift */; };
		F37769971EA1C15B00A19D6B /* Main.storyboard in Resources */ = {isa = PBXBuildFile; fileRef = F37769951EA1C15B00A19D6B /* Main.storyboard */; };
		F37769991EA1C15B00A19D6B /* Assets.xcassets in Resources */ = {isa = PBXBuildFile; fileRef = F37769981EA1C15B00A19D6B /* Assets.xcassets */; };
		F377699C1EA1C15B00A19D6B /* LaunchScreen.storyboard in Resources */ = {isa = PBXBuildFile; fileRef = F377699A1EA1C15B00A19D6B /* LaunchScreen.storyboard */; };
		F37769A71EA1C15B00A19D6B /* InfiniteScrollViewTests.swift in Sources */ = {isa = PBXBuildFile; fileRef = F37769A61EA1C15B00A19D6B /* InfiniteScrollViewTests.swift */; };
		F37769B21EA1C15B00A19D6B /* InfiniteScrollViewUITests.swift in Sources */ = {isa = PBXBuildFile; fileRef = F37769B11EA1C15B00A19D6B /* InfiniteScrollViewUITests.swift */; };
/* End PBXBuildFile section */

/* Begin PBXContainerItemProxy section */
		F37769A31EA1C15B00A19D6B /* PBXContainerItemProxy */ = {
			isa = PBXContainerItemProxy;
			containerPortal = F37769861EA1C15B00A19D6B /* Project object */;
			proxyType = 1;
			remoteGlobalIDString = F377698D1EA1C15B00A19D6B;
			remoteInfo = InfiniteScrollView;
		};
		F37769AE1EA1C15B00A19D6B /* PBXContainerItemProxy */ = {
			isa = PBXContainerItemProxy;
			containerPortal = F37769861EA1C15B00A19D6B /* Project object */;
			proxyType = 1;
			remoteGlobalIDString = F377698D1EA1C15B00A19D6B;
			remoteInfo = InfiniteScrollView;
		};
/* End PBXContainerItemProxy section */

/* Begin PBXFileReference section */
		F377698E1EA1C15B00A19D6B /* InfiniteScrollView.app */ = {isa = PBXFileReference; explicitFileType = wrapper.application; includeInIndex = 0; path = InfiniteScrollView.app; sourceTree = BUILT_PRODUCTS_DIR; };
		F37769911EA1C15B00A19D6B /* AppDelegate.swift */ = {isa = PBXFileReference; lastKnownFileType = sourcecode.swift; path = AppDelegate.swift; sourceTree = "<group>"; };
		F37769931EA1C15B00A19D6B /* ViewController.swift */ = {isa = PBXFileReference; lastKnownFileType = sourcecode.swift; path = ViewController.swift; sourceTree = "<group>"; };
		F37769961EA1C15B00A19D6B /* Base */ = {isa = PBXFileReference; lastKnownFileType = file.storyboard; name = Base; path = Base.lproj/Main.storyboard; sourceTree = "<group>"; };
		F37769981EA1C15B00A19D6B /* Assets.xcassets */ = {isa = PBXFileReference; lastKnownFileType = folder.assetcatalog; path = Assets.xcassets; sourceTree = "<group>"; };
		F377699B1EA1C15B00A19D6B /* Base */ = {isa = PBXFileReference; lastKnownFileType = file.storyboard; name = Base; path = Base.lproj/LaunchScreen.storyboard; sourceTree = "<group>"; };
		F377699D1EA1C15B00A19D6B /* Info.plist */ = {isa = PBXFileReference; lastKnownFileType = text.plist.xml; path = Info.plist; sourceTree = "<group>"; };
		F37769A21EA1C15B00A19D6B /* InfiniteScrollViewTests.xctest */ = {isa = PBXFileReference; explicitFileType = wrapper.cfbundle; includeInIndex = 0; path = InfiniteScrollViewTests.xctest; sourceTree = BUILT_PRODUCTS_DIR; };
		F37769A61EA1C15B00A19D6B /* InfiniteScrollViewTests.swift */ = {isa = PBXFileReference; lastKnownFileType = sourcecode.swift; path = InfiniteScrollViewTests.swift; sourceTree = "<group>"; };
		F37769A81EA1C15B00A19D6B /* Info.plist */ = {isa = PBXFileReference; lastKnownFileType = text.plist.xml; path = Info.plist; sourceTree = "<group>"; };
		F37769AD1EA1C15B00A19D6B /* InfiniteScrollViewUITests.xctest */ = {isa = PBXFileReference; explicitFileType = wrapper.cfbundle; includeInIndex = 0; path = InfiniteScrollViewUITests.xctest; sourceTree = BUILT_PRODUCTS_DIR; };
		F37769B11EA1C15B00A19D6B /* InfiniteScrollViewUITests.swift */ = {isa = PBXFileReference; lastKnownFileType = sourcecode.swift; path = InfiniteScrollViewUITests.swift; sourceTree = "<group>"; };
		F37769B31EA1C15B00A19D6B /* Info.plist */ = {isa = PBXFileReference; lastKnownFileType = text.plist.xml; path = Info.plist; sourceTree = "<group>"; };
/* End PBXFileReference section */

/* Begin PBXFrameworksBuildPhase section */
		F377698B1EA1C15B00A19D6B /* Frameworks */ = {
			isa = PBXFrameworksBuildPhase;
			buildActionMask = 2147483647;
			files = (
			);
			runOnlyForDeploymentPostprocessing = 0;
		};
		F377699F1EA1C15B00A19D6B /* Frameworks */ = {
			isa = PBXFrameworksBuildPhase;
			buildActionMask = 2147483647;
			files = (
			);
			runOnlyForDeploymentPostprocessing = 0;
		};
		F37769AA1EA1C15B00A19D6B /* Frameworks */ = {
			isa = PBXFrameworksBuildPhase;
			buildActionMask = 2147483647;
			files = (
			);
			runOnlyForDeploymentPostprocessing = 0;
		};
/* End PBXFrameworksBuildPhase section */

/* Begin PBXGroup section */
		F37769851EA1C15B00A19D6B = {
			isa = PBXGroup;
			children = (
				F37769901EA1C15B00A19D6B /* InfiniteScrollView */,
				F37769A51EA1C15B00A19D6B /* InfiniteScrollViewTests */,
				F37769B01EA1C15B00A19D6B /* InfiniteScrollViewUITests */,
				F377698F1EA1C15B00A19D6B /* Products */,
			);
			sourceTree = "<group>";
		};
		F377698F1EA1C15B00A19D6B /* Products */ = {
			isa = PBXGroup;
			children = (
				F377698E1EA1C15B00A19D6B /* InfiniteScrollView.app */,
				F37769A21EA1C15B00A19D6B /* InfiniteScrollViewTests.xctest */,
				F37769AD1EA1C15B00A19D6B /* InfiniteScrollViewUITests.xctest */,
			);
			name = Products;
			sourceTree = "<group>";
		};
		F37769901EA1C15B00A19D6B /* InfiniteScrollView */ = {
			isa = PBXGroup;
			children = (
				F37769911EA1C15B00A19D6B /* AppDelegate.swift */,
				F37769931EA1C15B00A19D6B /* ViewController.swift */,
				F37769951EA1C15B00A19D6B /* Main.storyboard */,
				F37769981EA1C15B00A19D6B /* Assets.xcassets */,
				F377699A1EA1C15B00A19D6B /* LaunchScreen.storyboard */,
				F377699D1EA1C15B00A19D6B /* Info.plist */,
			);
			path = InfiniteScrollView;
			sourceTree = "<group>";
		};
		F37769A51EA1C15B00A19D6B /* InfiniteScrollViewTests */ = {
			isa = PBXGroup;
			children = (
				F37769A61EA1C15B00A19D6B /* InfiniteScrollViewTests.swift */,
				F37769A81EA1C15B00A19D6B /* Info.plist */,
			);
			path = InfiniteScrollViewTests;
			sourceTree = "<group>";
		};
		F37769B01EA1C15B00A19D6B /* InfiniteScrollViewUITests */ = {
			isa = PBXGroup;
			children = (
				F37769B11EA1C15B00A19D6B /* InfiniteScrollViewUITests.swift */,
				F37769B31EA1C15B00A19D6B /* Info.plist */,
			);
			path = InfiniteScrollViewUITests;
			sourceTree = "<group>";
		};
/* End PBXGroup section */

/* Begin PBXNativeTarget section */
		F377698D1EA1C15B00A19D6B /* InfiniteScrollView */ = {
			isa = PBXNativeTarget;
			buildConfigurationList = F37769B61EA1C15B00A19D6B /* Build configuration list for PBXNativeTarget "InfiniteScrollView" */;
			buildPhases = (
				F377698A1EA1C15B00A19D6B /* Sources */,
				F377698B1EA1C15B00A19D6B /* Frameworks */,
				F377698C1EA1C15B00A19D6B /* Resources */,
			);
			buildRules = (
			);
			dependencies = (
			);
			name = InfiniteScrollView;
			productName = InfiniteScrollView;
			productReference = F377698E1EA1C15B00A19D6B /* InfiniteScrollView.app */;
			productType = "com.apple.product-type.application";
		};
		F37769A11EA1C15B00A19D6B /* InfiniteScrollViewTests */ = {
			isa = PBXNativeTarget;
			buildConfigurationList = F37769B91EA1C15B00A19D6B /* Build configuration list for PBXNativeTarget "InfiniteScrollViewTests" */;
			buildPhases = (
				F377699E1EA1C15B00A19D6B /* Sources */,
				F377699F1EA1C15B00A19D6B /* Frameworks */,
				F37769A01EA1C15B00A19D6B /* Resources */,
			);
			buildRules = (
			);
			dependencies = (
				F37769A41EA1C15B00A19D6B /* PBXTargetDependency */,
			);
			name = InfiniteScrollViewTests;
			productName = InfiniteScrollViewTests;
			productReference = F37769A21EA1C15B00A19D6B /* InfiniteScrollViewTests.xctest */;
			productType = "com.apple.product-type.bundle.unit-test";
		};
		F37769AC1EA1C15B00A19D6B /* InfiniteScrollViewUITests */ = {
			isa = PBXNativeTarget;
			buildConfigurationList = F37769BC1EA1C15B00A19D6B /* Build configuration list for PBXNativeTarget "InfiniteScrollViewUITests" */;
			buildPhases = (
				F37769A91EA1C15B00A19D6B /* Sources */,
				F37769AA1EA1C15B00A19D6B /* Frameworks */,
				F37769AB1EA1C15B00A19D6B /* Resources */,
			);
			buildRules = (
			);
			dependencies = (
				F37769AF1EA1C15B00A19D6B /* PBXTargetDependency */,
			);
			name = InfiniteScrollViewUITests;
			productName = InfiniteScrollViewUITests;
			productReference = F37769AD1EA1C15B00A19D6B /* InfiniteScrollViewUITests.xctest */;
			productType = "com.apple.product-type.bundle.ui-testing";
		};
/* End PBXNativeTarget section */

/* Begin PBXProject section */
		F37769861EA1C15B00A19D6B /* Project object */ = {
			isa = PBXProject;
			attributes = {
				LastSwiftUpdateCheck = 0830;
				LastUpgradeCheck = 0830;
				ORGANIZATIONNAME = htomcat;
				TargetAttributes = {
					F377698D1EA1C15B00A19D6B = {
						CreatedOnToolsVersion = 8.3.1;
						ProvisioningStyle = Automatic;
					};
					F37769A11EA1C15B00A19D6B = {
						CreatedOnToolsVersion = 8.3.1;
						ProvisioningStyle = Automatic;
						TestTargetID = F377698D1EA1C15B00A19D6B;
					};
					F37769AC1EA1C15B00A19D6B = {
						CreatedOnToolsVersion = 8.3.1;
						ProvisioningStyle = Automatic;
						TestTargetID = F377698D1EA1C15B00A19D6B;
					};
				};
			};
			buildConfigurationList = F37769891EA1C15B00A19D6B /* Build configuration list for PBXProject "InfiniteScrollView" */;
			compatibilityVersion = "Xcode 3.2";
			developmentRegion = English;
			hasScannedForEncodings = 0;
			knownRegions = (
				en,
				Base,
			);
			mainGroup = F37769851EA1C15B00A19D6B;
			productRefGroup = F377698F1EA1C15B00A19D6B /* Products */;
			projectDirPath = "";
			projectRoot = "";
			targets = (
				F377698D1EA1C15B00A19D6B /* InfiniteScrollView */,
				F37769A11EA1C15B00A19D6B /* InfiniteScrollViewTests */,
				F37769AC1EA1C15B00A19D6B /* InfiniteScrollViewUITests */,
			);
		};
/* End PBXProject section */

/* Begin PBXResourcesBuildPhase section */
		F377698C1EA1C15B00A19D6B /* Resources */ = {
			isa = PBXResourcesBuildPhase;
			buildActionMask = 2147483647;
			files = (
				F377699C1EA1C15B00A19D6B /* LaunchScreen.storyboard in Resources */,
				F37769991EA1C15B00A19D6B /* Assets.xcassets in Resources */,
				F37769971EA1C15B00A19D6B /* Main.storyboard in Resources */,
			);
			runOnlyForDeploymentPostprocessing = 0;
		};
		F37769A01EA1C15B00A19D6B /* Resources */ = {
			isa = PBXResourcesBuildPhase;
			buildActionMask = 2147483647;
			files = (
			);
			runOnlyForDeploymentPostprocessing = 0;
		};
		F37769AB1EA1C15B00A19D6B /* Resources */ = {
			isa = PBXResourcesBuildPhase;
			buildActionMask = 2147483647;
			files = (
			);
			runOnlyForDeploymentPostprocessing = 0;
		};
/* End PBXResourcesBuildPhase section */

/* Begin PBXSourcesBuildPhase section */
		F377698A1EA1C15B00A19D6B /* Sources */ = {
			isa = PBXSourcesBuildPhase;
			buildActionMask = 2147483647;
			files = (
				F37769941EA1C15B00A19D6B /* ViewController.swift in Sources */,
				F37769921EA1C15B00A19D6B /* AppDelegate.swift in Sources */,
			);
			runOnlyForDeploymentPostprocessing = 0;
		};
		F377699E1EA1C15B00A19D6B /* Sources */ = {
			isa = PBXSourcesBuildPhase;
			buildActionMask = 2147483647;
			files = (
				F37769A71EA1C15B00A19D6B /* InfiniteScrollViewTests.swift in Sources */,
			);
			runOnlyForDeploymentPostprocessing = 0;
		};
		F37769A91EA1C15B00A19D6B /* Sources */ = {
			isa = PBXSourcesBuildPhase;
			buildActionMask = 2147483647;
			files = (
				F37769B21EA1C15B00A19D6B /* InfiniteScrollViewUITests.swift in Sources */,
			);
			runOnlyForDeploymentPostprocessing = 0;
		};
/* End PBXSourcesBuildPhase section */

/* Begin PBXTargetDependency section */
		F37769A41EA1C15B00A19D6B /* PBXTargetDependency */ = {
			isa = PBXTargetDependency;
			target = F377698D1EA1C15B00A19D6B /* InfiniteScrollView */;
			targetProxy = F37769A31EA1C15B00A19D6B /* PBXContainerItemProxy */;
		};
		F37769AF1EA1C15B00A19D6B /* PBXTargetDependency */ = {
			isa = PBXTargetDependency;
			target = F377698D1EA1C15B00A19D6B /* InfiniteScrollView */;
			targetProxy = F37769AE1EA1C15B00A19D6B /* PBXContainerItemProxy */;
		};
/* End PBXTargetDependency section */

/* Begin PBXVariantGroup section */
		F37769951EA1C15B00A19D6B /* Main.storyboard */ = {
			isa = PBXVariantGroup;
			children = (
				F37769961EA1C15B00A19D6B /* Base */,
			);
			name = Main.storyboard;
			sourceTree = "<group>";
		};
		F377699A1EA1C15B00A19D6B /* LaunchScreen.storyboard */ = {
			isa = PBXVariantGroup;
			children = (
				F377699B1EA1C15B00A19D6B /* Base */,
			);
			name = LaunchScreen.storyboard;
			sourceTree = "<group>";
		};
/* End PBXVariantGroup section */

/* Begin XCBuildConfiguration section */
		F37769B41EA1C15B00A19D6B /* Debug */ = {
			isa = XCBuildConfiguration;
			buildSettings = {
				ALWAYS_SEARCH_USER_PATHS = NO;
				CLANG_ANALYZER_NONNULL = YES;
				CLANG_ANALYZER_NUMBER_OBJECT_CONVERSION = YES_AGGRESSIVE;
				CLANG_CXX_LANGUAGE_STANDARD = "gnu++0x";
				CLANG_CXX_LIBRARY = "libc++";
				CLANG_ENABLE_MODULES = YES;
				CLANG_ENABLE_OBJC_ARC = YES;
				CLANG_WARN_BOOL_CONVERSION = YES;
				CLANG_WARN_CONSTANT_CONVERSION = YES;
				CLANG_WARN_DIRECT_OBJC_ISA_USAGE = YES_ERROR;
				CLANG_WARN_DOCUMENTATION_COMMENTS = YES;
				CLANG_WARN_EMPTY_BODY = YES;
				CLANG_WARN_ENUM_CONVERSION = YES;
				CLANG_WARN_INFINITE_RECURSION = YES;
				CLANG_WARN_INT_CONVERSION = YES;
				CLANG_WARN_OBJC_ROOT_CLASS = YES_ERROR;
				CLANG_WARN_SUSPICIOUS_MOVE = YES;
				CLANG_WARN_UNREACHABLE_CODE = YES;
				CLANG_WARN__DUPLICATE_METHOD_MATCH = YES;
				"CODE_SIGN_IDENTITY[sdk=iphoneos*]" = "iPhone Developer";
				COPY_PHASE_STRIP = NO;
				DEBUG_INFORMATION_FORMAT = dwarf;
				ENABLE_STRICT_OBJC_MSGSEND = YES;
				ENABLE_TESTABILITY = YES;
				GCC_C_LANGUAGE_STANDARD = gnu99;
				GCC_DYNAMIC_NO_PIC = NO;
				GCC_NO_COMMON_BLOCKS = YES;
				GCC_OPTIMIZATION_LEVEL = 0;
				GCC_PREPROCESSOR_DEFINITIONS = (
					"DEBUG=1",
					"$(inherited)",
				);
				GCC_WARN_64_TO_32_BIT_CONVERSION = YES;
				GCC_WARN_ABOUT_RETURN_TYPE = YES_ERROR;
				GCC_WARN_UNDECLARED_SELECTOR = YES;
				GCC_WARN_UNINITIALIZED_AUTOS = YES_AGGRESSIVE;
				GCC_WARN_UNUSED_FUNCTION = YES;
				GCC_WARN_UNUSED_VARIABLE = YES;
				IPHONEOS_DEPLOYMENT_TARGET = 10.3;
				MTL_ENABLE_DEBUG_INFO = YES;
				ONLY_ACTIVE_ARCH = YES;
				SDKROOT = iphoneos;
				SWIFT_ACTIVE_COMPILATION_CONDITIONS = DEBUG;
				SWIFT_OPTIMIZATION_LEVEL = "-Onone";
				TARGETED_DEVICE_FAMILY = "1,2";
			};
			name = Debug;
		};
		F37769B51EA1C15B00A19D6B /* Release */ = {
			isa = XCBuildConfiguration;
			buildSettings = {
				ALWAYS_SEARCH_USER_PATHS = NO;
				CLANG_ANALYZER_NONNULL = YES;
				CLANG_ANALYZER_NUMBER_OBJECT_CONVERSION = YES_AGGRESSIVE;
				CLANG_CXX_LANGUAGE_STANDARD = "gnu++0x";
				CLANG_CXX_LIBRARY = "libc++";
				CLANG_ENABLE_MODULES = YES;
				CLANG_ENABLE_OBJC_ARC = YES;
				CLANG_WARN_BOOL_CONVERSION = YES;
				CLANG_WARN_CONSTANT_CONVERSION = YES;
				CLANG_WARN_DIRECT_OBJC_ISA_USAGE = YES_ERROR;
				CLANG_WARN_DOCUMENTATION_COMMENTS = YES;
				CLANG_WARN_EMPTY_BODY = YES;
				CLANG_WARN_ENUM_CONVERSION = YES;
				CLANG_WARN_INFINITE_RECURSION = YES;
				CLANG_WARN_INT_CONVERSION = YES;
				CLANG_WARN_OBJC_ROOT_CLASS = YES_ERROR;
				CLANG_WARN_SUSPICIOUS_MOVE = YES;
				CLANG_WARN_UNREACHABLE_CODE = YES;
				CLANG_WARN__DUPLICATE_METHOD_MATCH = YES;
				"CODE_SIGN_IDENTITY[sdk=iphoneos*]" = "iPhone Developer";
				COPY_PHASE_STRIP = NO;
				DEBUG_INFORMATION_FORMAT = "dwarf-with-dsym";
				ENABLE_NS_ASSERTIONS = NO;
				ENABLE_STRICT_OBJC_MSGSEND = YES;
				GCC_C_LANGUAGE_STANDARD = gnu99;
				GCC_NO_COMMON_BLOCKS = YES;
				GCC_WARN_64_TO_32_BIT_CONVERSION = YES;
				GCC_WARN_ABOUT_RETURN_TYPE = YES_ERROR;
				GCC_WARN_UNDECLARED_SELECTOR = YES;
				GCC_WARN_UNINITIALIZED_AUTOS = YES_AGGRESSIVE;
				GCC_WARN_UNUSED_FUNCTION = YES;
				GCC_WARN_UNUSED_VARIABLE = YES;
				IPHONEOS_DEPLOYMENT_TARGET = 10.3;
				MTL_ENABLE_DEBUG_INFO = NO;
				SDKROOT = iphoneos;
				SWIFT_OPTIMIZATION_LEVEL = "-Owholemodule";
				TARGETED_DEVICE_FAMILY = "1,2";
				VALIDATE_PRODUCT = YES;
			};
			name = Release;
		};
		F37769B71EA1C15B00A19D6B /* Debug */ = {
			isa = XCBuildConfiguration;
			buildSettings = {
				ASSETCATALOG_COMPILER_APPICON_NAME = AppIcon;
				INFOPLIST_FILE = InfiniteScrollView/Info.plist;
				LD_RUNPATH_SEARCH_PATHS = "$(inherited) @executable_path/Frameworks";
				PRODUCT_BUNDLE_IDENTIFIER = com.htomcat.InfiniteScrollView;
				PRODUCT_NAME = "$(TARGET_NAME)";
				SWIFT_VERSION = 3.0;
			};
			name = Debug;
		};
		F37769B81EA1C15B00A19D6B /* Release */ = {
			isa = XCBuildConfiguration;
			buildSettings = {
				ASSETCATALOG_COMPILER_APPICON_NAME = AppIcon;
				INFOPLIST_FILE = InfiniteScrollView/Info.plist;
				LD_RUNPATH_SEARCH_PATHS = "$(inherited) @executable_path/Frameworks";
				PRODUCT_BUNDLE_IDENTIFIER = com.htomcat.InfiniteScrollView;
				PRODUCT_NAME = "$(TARGET_NAME)";
				SWIFT_VERSION = 3.0;
			};
			name = Release;
		};
		F37769BA1EA1C15B00A19D6B /* Debug */ = {
			isa = XCBuildConfiguration;
			buildSettings = {
				ALWAYS_EMBED_SWIFT_STANDARD_LIBRARIES = YES;
				BUNDLE_LOADER = "$(TEST_HOST)";
				INFOPLIST_FILE = InfiniteScrollViewTests/Info.plist;
				LD_RUNPATH_SEARCH_PATHS = "$(inherited) @executable_path/Frameworks @loader_path/Frameworks";
				PRODUCT_BUNDLE_IDENTIFIER = com.htomcat.InfiniteScrollViewTests;
				PRODUCT_NAME = "$(TARGET_NAME)";
				SWIFT_VERSION = 3.0;
				TEST_HOST = "$(BUILT_PRODUCTS_DIR)/InfiniteScrollView.app/InfiniteScrollView";
			};
			name = Debug;
		};
		F37769BB1EA1C15B00A19D6B /* Release */ = {
			isa = XCBuildConfiguration;
			buildSettings = {
				ALWAYS_EMBED_SWIFT_STANDARD_LIBRARIES = YES;
				BUNDLE_LOADER = "$(TEST_HOST)";
				INFOPLIST_FILE = InfiniteScrollViewTests/Info.plist;
				LD_RUNPATH_SEARCH_PATHS = "$(inherited) @executable_path/Frameworks @loader_path/Frameworks";
				PRODUCT_BUNDLE_IDENTIFIER = com.htomcat.InfiniteScrollViewTests;
				PRODUCT_NAME = "$(TARGET_NAME)";
				SWIFT_VERSION = 3.0;
				TEST_HOST = "$(BUILT_PRODUCTS_DIR)/InfiniteScrollView.app/InfiniteScrollView";
			};
			name = Release;
		};
		F37769BD1EA1C15B00A19D6B /* Debug */ = {
			isa = XCBuildConfiguration;
			buildSettings = {
				ALWAYS_EMBED_SWIFT_STANDARD_LIBRARIES = YES;
				INFOPLIST_FILE = InfiniteScrollViewUITests/Info.plist;
				LD_RUNPATH_SEARCH_PATHS = "$(inherited) @executable_path/Frameworks @loader_path/Frameworks";
				PRODUCT_BUNDLE_IDENTIFIER = com.htomcat.InfiniteScrollViewUITests;
				PRODUCT_NAME = "$(TARGET_NAME)";
				SWIFT_VERSION = 3.0;
				TEST_TARGET_NAME = InfiniteScrollView;
			};
			name = Debug;
		};
		F37769BE1EA1C15B00A19D6B /* Release */ = {
			isa = XCBuildConfiguration;
			buildSettings = {
				ALWAYS_EMBED_SWIFT_STANDARD_LIBRARIES = YES;
				INFOPLIST_FILE = InfiniteScrollViewUITests/Info.plist;
				LD_RUNPATH_SEARCH_PATHS = "$(inherited) @executable_path/Frameworks @loader_path/Frameworks";
				PRODUCT_BUNDLE_IDENTIFIER = com.htomcat.InfiniteScrollViewUITests;
				PRODUCT_NAME = "$(TARGET_NAME)";
				SWIFT_VERSION = 3.0;
				TEST_TARGET_NAME = InfiniteScrollView;
			};
			name = Release;
		};
/* End XCBuildConfiguration section */

/* Begin XCConfigurationList section */
		F37769891EA1C15B00A19D6B /* Build configuration list for PBXProject "InfiniteScrollView" */ = {
			isa = XCConfigurationList;
			buildConfigurations = (
				F37769B41EA1C15B00A19D6B /* Debug */,
				F37769B51EA1C15B00A19D6B /* Release */,
			);
			defaultConfigurationIsVisible = 0;
			defaultConfigurationName = Release;
		};
		F37769B61EA1C15B00A19D6B /* Build configuration list for PBXNativeTarget "InfiniteScrollView" */ = {
			isa = XCConfigurationList;
			buildConfigurations = (
				F37769B71EA1C15B00A19D6B /* Debug */,
				F37769B81EA1C15B00A19D6B /* Release */,
			);
			defaultConfigurationIsVisible = 0;
		};
		F37769B91EA1C15B00A19D6B /* Build configuration list for PBXNativeTarget "InfiniteScrollViewTests" */ = {
			isa = XCConfigurationList;
			buildConfigurations = (
				F37769BA1EA1C15B00A19D6B /* Debug */,
				F37769BB1EA1C15B00A19D6B /* Release */,
			);
			defaultConfigurationIsVisible = 0;
		};
		F37769BC1EA1C15B00A19D6B /* Build configuration list for PBXNativeTarget "InfiniteScrollViewUITests" */ = {
			isa = XCConfigurationList;
			buildConfigurations = (
				F37769BD1EA1C15B00A19D6B /* Debug */,
				F37769BE1EA1C15B00A19D6B /* Release */,
			);
			defaultConfigurationIsVisible = 0;
		};
/* End XCConfigurationList section */
	};
	rootObject = F37769861EA1C15B00A19D6B /* Project object */;
}
